
Microsoft Visual Studio Solution File, Format Version 12.00
# Visual Studio 15
VisualStudioVersion = 15.0.26013.0
MinimumVisualStudioVersion = 10.0.40219.1
Project("{FAE04EC0-301F-11D3-BF4B-00C04F79EFBC}") = "XFNotification.Web", "XFNotification.Web\XFNotification.Web.csproj", "{4BE562D3-2296-4877-92C6-810FC9A843B0}"
EndProject
Project("{FAE04EC0-301F-11D3-BF4B-00C04F79EFBC}") = "XFNotification.Core", "XFNotification.Core\XFNotification.Core.csproj", "{2B1A971F-9B69-4747-84AB-5760FABD63FA}"
EndProject
Project("{FAE04EC0-301F-11D3-BF4B-00C04F79EFBC}") = "XFNotification.App.Droid", "XFNotification.App.Droid\XFNotification.App.Droid.csproj", "{A1EC1149-352C-4976-9A78-E43B7C1A948C}"
EndProject
Project("{FAE04EC0-301F-11D3-BF4B-00C04F79EFBC}") = "XFNotification.App", "XFNotification.App\XFNotification.App.csproj", "{3B42D588-7061-4B4E-89C6-F4BA9E1BE95C}"
EndProject
Project("{FAE04EC0-301F-11D3-BF4B-00C04F79EFBC}") = "XFNotification.App.UWP", "XFNotification.App.UWP\XFNotification.App.UWP.csproj", "{2B17B57E-6EA5-4E21-BB3A-373AAF961B50}"
EndProject
Project("{FAE04EC0-301F-11D3-BF4B-00C04F79EFBC}") = "XFNotification.App.iOS", "XFNotification.App.iOS\XFNotification.App.iOS.csproj", "{C41D4858-6D26-49BB-90BC-085A672C5D7C}"
EndProject
Global
	GlobalSection(SolutionConfigurationPlatforms) = preSolution
		Ad-Hoc|Any CPU = Ad-Hoc|Any CPU
		Ad-Hoc|ARM = Ad-Hoc|ARM
		Ad-Hoc|iPhone = Ad-Hoc|iPhone
		Ad-Hoc|iPhoneSimulator = Ad-Hoc|iPhoneSimulator
		Ad-Hoc|x64 = Ad-Hoc|x64
		Ad-Hoc|x86 = Ad-Hoc|x86
		AppStore|Any CPU = AppStore|Any CPU
		AppStore|ARM = AppStore|ARM
		AppStore|iPhone = AppStore|iPhone
		AppStore|iPhoneSimulator = AppStore|iPhoneSimulator
		AppStore|x64 = AppStore|x64
		AppStore|x86 = AppStore|x86
		Debug|Any CPU = Debug|Any CPU
		Debug|ARM = Debug|ARM
		Debug|iPhone = Debug|iPhone
		Debug|iPhoneSimulator = Debug|iPhoneSimulator
		Debug|x64 = Debug|x64
		Debug|x86 = Debug|x86
		Release|Any CPU = Release|Any CPU
		Release|ARM = Release|ARM
		Release|iPhone = Release|iPhone
		Release|iPhoneSimulator = Release|iPhoneSimulator
		Release|x64 = Release|x64
		Release|x86 = Release|x86
	EndGlobalSection
	GlobalSection(ProjectConfigurationPlatforms) = postSolution
		{4BE562D3-2296-4877-92C6-810FC9A843B0}.Ad-Hoc|Any CPU.ActiveCfg = Release|Any CPU
		{4BE562D3-2296-4877-92C6-810FC9A843B0}.Ad-Hoc|ARM.ActiveCfg = Release|Any CPU
		{4BE562D3-2296-4877-92C6-810FC9A843B0}.Ad-Hoc|iPhone.ActiveCfg = Release|Any CPU
		{4BE562D3-2296-4877-92C6-810FC9A843B0}.Ad-Hoc|iPhoneSimulator.ActiveCfg = Release|Any CPU
		{4BE562D3-2296-4877-92C6-810FC9A843B0}.Ad-Hoc|x64.ActiveCfg = Release|Any CPU
		{4BE562D3-2296-4877-92C6-810FC9A843B0}.Ad-Hoc|x86.ActiveCfg = Release|Any CPU
		{4BE562D3-2296-4877-92C6-810FC9A843B0}.AppStore|Any CPU.ActiveCfg = Release|Any CPU
		{4BE562D3-2296-4877-92C6-810FC9A843B0}.AppStore|ARM.ActiveCfg = Release|Any CPU
		{4BE562D3-2296-4877-92C6-810FC9A843B0}.AppStore|iPhone.ActiveCfg = Release|Any CPU
		{4BE562D3-2296-4877-92C6-810FC9A843B0}.AppStore|iPhoneSimulator.ActiveCfg = Release|Any CPU
		{4BE562D3-2296-4877-92C6-810FC9A843B0}.AppStore|x64.ActiveCfg = Release|Any CPU
		{4BE562D3-2296-4877-92C6-810FC9A843B0}.AppStore|x86.ActiveCfg = Release|Any CPU
		{4BE562D3-2296-4877-92C6-810FC9A843B0}.Debug|Any CPU.ActiveCfg = Debug|Any CPU
		{4BE562D3-2296-4877-92C6-810FC9A843B0}.Debug|Any CPU.Build.0 = Debug|Any CPU
		{4BE562D3-2296-4877-92C6-810FC9A843B0}.Debug|ARM.ActiveCfg = Debug|Any CPU
		{4BE562D3-2296-4877-92C6-810FC9A843B0}.Debug|iPhone.ActiveCfg = Debug|Any CPU
		{4BE562D3-2296-4877-92C6-810FC9A843B0}.Debug|iPhoneSimulator.ActiveCfg = Debug|Any CPU
		{4BE562D3-2296-4877-92C6-810FC9A843B0}.Debug|x64.ActiveCfg = Debug|Any CPU
		{4BE562D3-2296-4877-92C6-810FC9A843B0}.Debug|x86.ActiveCfg = Debug|Any CPU
		{4BE562D3-2296-4877-92C6-810FC9A843B0}.Release|Any CPU.ActiveCfg = Release|Any CPU
		{4BE562D3-2296-4877-92C6-810FC9A843B0}.Release|Any CPU.Build.0 = Release|Any CPU
		{4BE562D3-2296-4877-92C6-810FC9A843B0}.Release|ARM.ActiveCfg = Release|Any CPU
		{4BE562D3-2296-4877-92C6-810FC9A843B0}.Release|iPhone.ActiveCfg = Release|Any CPU
		{4BE562D3-2296-4877-92C6-810FC9A843B0}.Release|iPhoneSimulator.ActiveCfg = Release|Any CPU
		{4BE562D3-2296-4877-92C6-810FC9A843B0}.Release|x64.ActiveCfg = Release|Any CPU
		{4BE562D3-2296-4877-92C6-810FC9A843B0}.Release|x86.ActiveCfg = Release|Any CPU
		{2B1A971F-9B69-4747-84AB-5760FABD63FA}.Ad-Hoc|Any CPU.ActiveCfg = Release|Any CPU
		{2B1A971F-9B69-4747-84AB-5760FABD63FA}.Ad-Hoc|ARM.ActiveCfg = Release|Any CPU
		{2B1A971F-9B69-4747-84AB-5760FABD63FA}.Ad-Hoc|iPhone.ActiveCfg = Release|Any CPU
		{2B1A971F-9B69-4747-84AB-5760FABD63FA}.Ad-Hoc|iPhoneSimulator.ActiveCfg = Release|Any CPU
		{2B1A971F-9B69-4747-84AB-5760FABD63FA}.Ad-Hoc|x64.ActiveCfg = Release|Any CPU
		{2B1A971F-9B69-4747-84AB-5760FABD63FA}.Ad-Hoc|x86.ActiveCfg = Release|Any CPU
		{2B1A971F-9B69-4747-84AB-5760FABD63FA}.AppStore|Any CPU.ActiveCfg = Release|Any CPU
		{2B1A971F-9B69-4747-84AB-5760FABD63FA}.AppStore|ARM.ActiveCfg = Release|Any CPU
		{2B1A971F-9B69-4747-84AB-5760FABD63FA}.AppStore|iPhone.ActiveCfg = Release|Any CPU
		{2B1A971F-9B69-4747-84AB-5760FABD63FA}.AppStore|iPhoneSimulator.ActiveCfg = Release|Any CPU
		{2B1A971F-9B69-4747-84AB-5760FABD63FA}.AppStore|x64.ActiveCfg = Release|Any CPU
		{2B1A971F-9B69-4747-84AB-5760FABD63FA}.AppStore|x86.ActiveCfg = Release|Any CPU
		{2B1A971F-9B69-4747-84AB-5760FABD63FA}.Debug|Any CPU.ActiveCfg = Debug|Any CPU
		{2B1A971F-9B69-4747-84AB-5760FABD63FA}.Debug|Any CPU.Build.0 = Debug|Any CPU
		{2B1A971F-9B69-4747-84AB-5760FABD63FA}.Debug|ARM.ActiveCfg = Debug|Any CPU
		{2B1A971F-9B69-4747-84AB-5760FABD63FA}.Debug|iPhone.ActiveCfg = Debug|Any CPU
		{2B1A971F-9B69-4747-84AB-5760FABD63FA}.Debug|iPhoneSimulator.ActiveCfg = Debug|Any CPU
		{2B1A971F-9B69-4747-84AB-5760FABD63FA}.Debug|x64.ActiveCfg = Debug|Any CPU
		{2B1A971F-9B69-4747-84AB-5760FABD63FA}.Debug|x86.ActiveCfg = Debug|Any CPU
		{2B1A971F-9B69-4747-84AB-5760FABD63FA}.Release|Any CPU.ActiveCfg = Release|Any CPU
		{2B1A971F-9B69-4747-84AB-5760FABD63FA}.Release|Any CPU.Build.0 = Release|Any CPU
		{2B1A971F-9B69-4747-84AB-5760FABD63FA}.Release|ARM.ActiveCfg = Release|Any CPU
		{2B1A971F-9B69-4747-84AB-5760FABD63FA}.Release|iPhone.ActiveCfg = Release|Any CPU
		{2B1A971F-9B69-4747-84AB-5760FABD63FA}.Release|iPhoneSimulator.ActiveCfg = Release|Any CPU
		{2B1A971F-9B69-4747-84AB-5760FABD63FA}.Release|x64.ActiveCfg = Release|Any CPU
		{2B1A971F-9B69-4747-84AB-5760FABD63FA}.Release|x86.ActiveCfg = Release|Any CPU
		{A1EC1149-352C-4976-9A78-E43B7C1A948C}.Ad-Hoc|Any CPU.ActiveCfg = Release|Any CPU
		{A1EC1149-352C-4976-9A78-E43B7C1A948C}.Ad-Hoc|Any CPU.Build.0 = Release|Any CPU
		{A1EC1149-352C-4976-9A78-E43B7C1A948C}.Ad-Hoc|Any CPU.Deploy.0 = Release|Any CPU
		{A1EC1149-352C-4976-9A78-E43B7C1A948C}.Ad-Hoc|ARM.ActiveCfg = Release|Any CPU
		{A1EC1149-352C-4976-9A78-E43B7C1A948C}.Ad-Hoc|ARM.Build.0 = Release|Any CPU
		{A1EC1149-352C-4976-9A78-E43B7C1A948C}.Ad-Hoc|ARM.Deploy.0 = Release|Any CPU
		{A1EC1149-352C-4976-9A78-E43B7C1A948C}.Ad-Hoc|iPhone.ActiveCfg = Release|Any CPU
		{A1EC1149-352C-4976-9A78-E43B7C1A948C}.Ad-Hoc|iPhone.Build.0 = Release|Any CPU
		{A1EC1149-352C-4976-9A78-E43B7C1A948C}.Ad-Hoc|iPhone.Deploy.0 = Release|Any CPU
		{A1EC1149-352C-4976-9A78-E43B7C1A948C}.Ad-Hoc|iPhoneSimulator.ActiveCfg = Release|Any CPU
		{A1EC1149-352C-4976-9A78-E43B7C1A948C}.Ad-Hoc|iPhoneSimulator.Build.0 = Release|Any CPU
		{A1EC1149-352C-4976-9A78-E43B7C1A948C}.Ad-Hoc|iPhoneSimulator.Deploy.0 = Release|Any CPU
		{A1EC1149-352C-4976-9A78-E43B7C1A948C}.Ad-Hoc|x64.ActiveCfg = Release|Any CPU
		{A1EC1149-352C-4976-9A78-E43B7C1A948C}.Ad-Hoc|x64.Build.0 = Release|Any CPU
		{A1EC1149-352C-4976-9A78-E43B7C1A948C}.Ad-Hoc|x64.Deploy.0 = Release|Any CPU
		{A1EC1149-352C-4976-9A78-E43B7C1A948C}.Ad-Hoc|x86.ActiveCfg = Release|Any CPU
		{A1EC1149-352C-4976-9A78-E43B7C1A948C}.Ad-Hoc|x86.Build.0 = Release|Any CPU
		{A1EC1149-352C-4976-9A78-E43B7C1A948C}.Ad-Hoc|x86.Deploy.0 = Release|Any CPU
		{A1EC1149-352C-4976-9A78-E43B7C1A948C}.AppStore|Any CPU.ActiveCfg = Release|Any CPU
		{A1EC1149-352C-4976-9A78-E43B7C1A948C}.AppStore|Any CPU.Build.0 = Release|Any CPU
		{A1EC1149-352C-4976-9A78-E43B7C1A948C}.AppStore|Any CPU.Deploy.0 = Release|Any CPU
		{A1EC1149-352C-4976-9A78-E43B7C1A948C}.AppStore|ARM.ActiveCfg = Release|Any CPU
		{A1EC1149-352C-4976-9A78-E43B7C1A948C}.AppStore|ARM.Build.0 = Release|Any CPU
		{A1EC1149-352C-4976-9A78-E43B7C1A948C}.AppStore|ARM.Deploy.0 = Release|Any CPU
		{A1EC1149-352C-4976-9A78-E43B7C1A948C}.AppStore|iPhone.ActiveCfg = Release|Any CPU
		{A1EC1149-352C-4976-9A78-E43B7C1A948C}.AppStore|iPhone.Build.0 = Release|Any CPU
		{A1EC1149-352C-4976-9A78-E43B7C1A948C}.AppStore|iPhone.Deploy.0 = Release|Any CPU
		{A1EC1149-352C-4976-9A78-E43B7C1A948C}.AppStore|iPhoneSimulator.ActiveCfg = Release|Any CPU
		{A1EC1149-352C-4976-9A78-E43B7C1A948C}.AppStore|iPhoneSimulator.Build.0 = Release|Any CPU
		{A1EC1149-352C-4976-9A78-E43B7C1A948C}.AppStore|iPhoneSimulator.Deploy.0 = Release|Any CPU
		{A1EC1149-352C-4976-9A78-E43B7C1A948C}.AppStore|x64.ActiveCfg = Release|Any CPU
		{A1EC1149-352C-4976-9A78-E43B7C1A948C}.AppStore|x64.Build.0 = Release|Any CPU
		{A1EC1149-352C-4976-9A78-E43B7C1A948C}.AppStore|x64.Deploy.0 = Release|Any CPU
		{A1EC1149-352C-4976-9A78-E43B7C1A948C}.AppStore|x86.ActiveCfg = Release|Any CPU
		{A1EC1149-352C-4976-9A78-E43B7C1A948C}.AppStore|x86.Build.0 = Release|Any CPU
		{A1EC1149-352C-4976-9A78-E43B7C1A948C}.AppStore|x86.Deploy.0 = Release|Any CPU
		{A1EC1149-352C-4976-9A78-E43B7C1A948C}.Debug|Any CPU.ActiveCfg = Debug|Any CPU
		{A1EC1149-352C-4976-9A78-E43B7C1A948C}.Debug|Any CPU.Build.0 = Debug|Any CPU
		{A1EC1149-352C-4976-9A78-E43B7C1A948C}.Debug|Any CPU.Deploy.0 = Debug|Any CPU
		{A1EC1149-352C-4976-9A78-E43B7C1A948C}.Debug|ARM.ActiveCfg = Debug|Any CPU
		{A1EC1149-352C-4976-9A78-E43B7C1A948C}.Debug|ARM.Build.0 = Debug|Any CPU
		{A1EC1149-352C-4976-9A78-E43B7C1A948C}.Debug|ARM.Deploy.0 = Debug|Any CPU
		{A1EC1149-352C-4976-9A78-E43B7C1A948C}.Debug|iPhone.ActiveCfg = Debug|Any CPU
		{A1EC1149-352C-4976-9A78-E43B7C1A948C}.Debug|iPhone.Build.0 = Debug|Any CPU
		{A1EC1149-352C-4976-9A78-E43B7C1A948C}.Debug|iPhone.Deploy.0 = Debug|Any CPU
		{A1EC1149-352C-4976-9A78-E43B7C1A948C}.Debug|iPhoneSimulator.ActiveCfg = Debug|Any CPU
		{A1EC1149-352C-4976-9A78-E43B7C1A948C}.Debug|iPhoneSimulator.Build.0 = Debug|Any CPU
		{A1EC1149-352C-4976-9A78-E43B7C1A948C}.Debug|iPhoneSimulator.Deploy.0 = Debug|Any CPU
		{A1EC1149-352C-4976-9A78-E43B7C1A948C}.Debug|x64.ActiveCfg = Debug|Any CPU
		{A1EC1149-352C-4976-9A78-E43B7C1A948C}.Debug|x64.Build.0 = Debug|Any CPU
		{A1EC1149-352C-4976-9A78-E43B7C1A948C}.Debug|x64.Deploy.0 = Debug|Any CPU
		{A1EC1149-352C-4976-9A78-E43B7C1A948C}.Debug|x86.ActiveCfg = Debug|Any CPU
		{A1EC1149-352C-4976-9A78-E43B7C1A948C}.Debug|x86.Build.0 = Debug|Any CPU
		{A1EC1149-352C-4976-9A78-E43B7C1A948C}.Debug|x86.Deploy.0 = Debug|Any CPU
		{A1EC1149-352C-4976-9A78-E43B7C1A948C}.Release|Any CPU.ActiveCfg = Release|Any CPU
		{A1EC1149-352C-4976-9A78-E43B7C1A948C}.Release|Any CPU.Build.0 = Release|Any CPU
		{A1EC1149-352C-4976-9A78-E43B7C1A948C}.Release|Any CPU.Deploy.0 = Release|Any CPU
		{A1EC1149-352C-4976-9A78-E43B7C1A948C}.Release|ARM.ActiveCfg = Release|Any CPU
		{A1EC1149-352C-4976-9A78-E43B7C1A948C}.Release|ARM.Build.0 = Release|Any CPU
		{A1EC1149-352C-4976-9A78-E43B7C1A948C}.Release|ARM.Deploy.0 = Release|Any CPU
		{A1EC1149-352C-4976-9A78-E43B7C1A948C}.Release|iPhone.ActiveCfg = Release|Any CPU
		{A1EC1149-352C-4976-9A78-E43B7C1A948C}.Release|iPhone.Build.0 = Release|Any CPU
		{A1EC1149-352C-4976-9A78-E43B7C1A948C}.Release|iPhone.Deploy.0 = Release|Any CPU
		{A1EC1149-352C-4976-9A78-E43B7C1A948C}.Release|iPhoneSimulator.ActiveCfg = Release|Any CPU
		{A1EC1149-352C-4976-9A78-E43B7C1A948C}.Release|iPhoneSimulator.Build.0 = Release|Any CPU
		{A1EC1149-352C-4976-9A78-E43B7C1A948C}.Release|iPhoneSimulator.Deploy.0 = Release|Any CPU
		{A1EC1149-352C-4976-9A78-E43B7C1A948C}.Release|x64.ActiveCfg = Release|Any CPU
		{A1EC1149-352C-4976-9A78-E43B7C1A948C}.Release|x64.Build.0 = Release|Any CPU
		{A1EC1149-352C-4976-9A78-E43B7C1A948C}.Release|x64.Deploy.0 = Release|Any CPU
		{A1EC1149-352C-4976-9A78-E43B7C1A948C}.Release|x86.ActiveCfg = Release|Any CPU
		{A1EC1149-352C-4976-9A78-E43B7C1A948C}.Release|x86.Build.0 = Release|Any CPU
		{A1EC1149-352C-4976-9A78-E43B7C1A948C}.Release|x86.Deploy.0 = Release|Any CPU
		{3B42D588-7061-4B4E-89C6-F4BA9E1BE95C}.Ad-Hoc|Any CPU.ActiveCfg = Release|Any CPU
		{3B42D588-7061-4B4E-89C6-F4BA9E1BE95C}.Ad-Hoc|Any CPU.Build.0 = Release|Any CPU
		{3B42D588-7061-4B4E-89C6-F4BA9E1BE95C}.Ad-Hoc|ARM.ActiveCfg = Release|Any CPU
		{3B42D588-7061-4B4E-89C6-F4BA9E1BE95C}.Ad-Hoc|ARM.Build.0 = Release|Any CPU
		{3B42D588-7061-4B4E-89C6-F4BA9E1BE95C}.Ad-Hoc|iPhone.ActiveCfg = Release|Any CPU
		{3B42D588-7061-4B4E-89C6-F4BA9E1BE95C}.Ad-Hoc|iPhone.Build.0 = Release|Any CPU
		{3B42D588-7061-4B4E-89C6-F4BA9E1BE95C}.Ad-Hoc|iPhoneSimulator.ActiveCfg = Release|Any CPU
		{3B42D588-7061-4B4E-89C6-F4BA9E1BE95C}.Ad-Hoc|iPhoneSimulator.Build.0 = Release|Any CPU
		{3B42D588-7061-4B4E-89C6-F4BA9E1BE95C}.Ad-Hoc|x64.ActiveCfg = Release|Any CPU
		{3B42D588-7061-4B4E-89C6-F4BA9E1BE95C}.Ad-Hoc|x64.Build.0 = Release|Any CPU
		{3B42D588-7061-4B4E-89C6-F4BA9E1BE95C}.Ad-Hoc|x86.ActiveCfg = Release|Any CPU
		{3B42D588-7061-4B4E-89C6-F4BA9E1BE95C}.Ad-Hoc|x86.Build.0 = Release|Any CPU
		{3B42D588-7061-4B4E-89C6-F4BA9E1BE95C}.AppStore|Any CPU.ActiveCfg = Release|Any CPU
		{3B42D588-7061-4B4E-89C6-F4BA9E1BE95C}.AppStore|Any CPU.Build.0 = Release|Any CPU
		{3B42D588-7061-4B4E-89C6-F4BA9E1BE95C}.AppStore|ARM.ActiveCfg = Release|Any CPU
		{3B42D588-7061-4B4E-89C6-F4BA9E1BE95C}.AppStore|ARM.Build.0 = Release|Any CPU
		{3B42D588-7061-4B4E-89C6-F4BA9E1BE95C}.AppStore|iPhone.ActiveCfg = Release|Any CPU
		{3B42D588-7061-4B4E-89C6-F4BA9E1BE95C}.AppStore|iPhone.Build.0 = Release|Any CPU
		{3B42D588-7061-4B4E-89C6-F4BA9E1BE95C}.AppStore|iPhoneSimulator.ActiveCfg = Release|Any CPU
		{3B42D588-7061-4B4E-89C6-F4BA9E1BE95C}.AppStore|iPhoneSimulator.Build.0 = Release|Any CPU
		{3B42D588-7061-4B4E-89C6-F4BA9E1BE95C}.AppStore|x64.ActiveCfg = Release|Any CPU
		{3B42D588-7061-4B4E-89C6-F4BA9E1BE95C}.AppStore|x64.Build.0 = Release|Any CPU
		{3B42D588-7061-4B4E-89C6-F4BA9E1BE95C}.AppStore|x86.ActiveCfg = Release|Any CPU
		{3B42D588-7061-4B4E-89C6-F4BA9E1BE95C}.AppStore|x86.Build.0 = Release|Any CPU
		{3B42D588-7061-4B4E-89C6-F4BA9E1BE95C}.Debug|Any CPU.ActiveCfg = Debug|Any CPU
		{3B42D588-7061-4B4E-89C6-F4BA9E1BE95C}.Debug|Any CPU.Build.0 = Debug|Any CPU
		{3B42D588-7061-4B4E-89C6-F4BA9E1BE95C}.Debug|ARM.ActiveCfg = Debug|Any CPU
		{3B42D588-7061-4B4E-89C6-F4BA9E1BE95C}.Debug|ARM.Build.0 = Debug|Any CPU
		{3B42D588-7061-4B4E-89C6-F4BA9E1BE95C}.Debug|iPhone.ActiveCfg = Debug|Any CPU
		{3B42D588-7061-4B4E-89C6-F4BA9E1BE95C}.Debug|iPhone.Build.0 = Debug|Any CPU
		{3B42D588-7061-4B4E-89C6-F4BA9E1BE95C}.Debug|iPhoneSimulator.ActiveCfg = Debug|Any CPU
		{3B42D588-7061-4B4E-89C6-F4BA9E1BE95C}.Debug|iPhoneSimulator.Build.0 = Debug|Any CPU
		{3B42D588-7061-4B4E-89C6-F4BA9E1BE95C}.Debug|x64.ActiveCfg = Debug|Any CPU
		{3B42D588-7061-4B4E-89C6-F4BA9E1BE95C}.Debug|x64.Build.0 = Debug|Any CPU
		{3B42D588-7061-4B4E-89C6-F4BA9E1BE95C}.Debug|x86.ActiveCfg = Debug|Any CPU
		{3B42D588-7061-4B4E-89C6-F4BA9E1BE95C}.Debug|x86.Build.0 = Debug|Any CPU
		{3B42D588-7061-4B4E-89C6-F4BA9E1BE95C}.Release|Any CPU.ActiveCfg = Release|Any CPU
		{3B42D588-7061-4B4E-89C6-F4BA9E1BE95C}.Release|Any CPU.Build.0 = Release|Any CPU
		{3B42D588-7061-4B4E-89C6-F4BA9E1BE95C}.Release|ARM.ActiveCfg = Release|Any CPU
		{3B42D588-7061-4B4E-89C6-F4BA9E1BE95C}.Release|ARM.Build.0 = Release|Any CPU
		{3B42D588-7061-4B4E-89C6-F4BA9E1BE95C}.Release|iPhone.ActiveCfg = Release|Any CPU
		{3B42D588-7061-4B4E-89C6-F4BA9E1BE95C}.Release|iPhone.Build.0 = Release|Any CPU
		{3B42D588-7061-4B4E-89C6-F4BA9E1BE95C}.Release|iPhoneSimulator.ActiveCfg = Release|Any CPU
		{3B42D588-7061-4B4E-89C6-F4BA9E1BE95C}.Release|iPhoneSimulator.Build.0 = Release|Any CPU
		{3B42D588-7061-4B4E-89C6-F4BA9E1BE95C}.Release|x64.ActiveCfg = Release|Any CPU
		{3B42D588-7061-4B4E-89C6-F4BA9E1BE95C}.Release|x64.Build.0 = Release|Any CPU
		{3B42D588-7061-4B4E-89C6-F4BA9E1BE95C}.Release|x86.ActiveCfg = Release|Any CPU
		{3B42D588-7061-4B4E-89C6-F4BA9E1BE95C}.Release|x86.Build.0 = Release|Any CPU
		{2B17B57E-6EA5-4E21-BB3A-373AAF961B50}.Ad-Hoc|Any CPU.ActiveCfg = Release|x86
		{2B17B57E-6EA5-4E21-BB3A-373AAF961B50}.Ad-Hoc|Any CPU.Build.0 = Release|x86
		{2B17B57E-6EA5-4E21-BB3A-373AAF961B50}.Ad-Hoc|Any CPU.Deploy.0 = Release|x86
		{2B17B57E-6EA5-4E21-BB3A-373AAF961B50}.Ad-Hoc|ARM.ActiveCfg = Release|ARM
		{2B17B57E-6EA5-4E21-BB3A-373AAF961B50}.Ad-Hoc|ARM.Build.0 = Release|ARM
		{2B17B57E-6EA5-4E21-BB3A-373AAF961B50}.Ad-Hoc|ARM.Deploy.0 = Release|ARM
		{2B17B57E-6EA5-4E21-BB3A-373AAF961B50}.Ad-Hoc|iPhone.ActiveCfg = Release|x86
		{2B17B57E-6EA5-4E21-BB3A-373AAF961B50}.Ad-Hoc|iPhone.Build.0 = Release|x86
		{2B17B57E-6EA5-4E21-BB3A-373AAF961B50}.Ad-Hoc|iPhone.Deploy.0 = Release|x86
		{2B17B57E-6EA5-4E21-BB3A-373AAF961B50}.Ad-Hoc|iPhoneSimulator.ActiveCfg = Release|x86
		{2B17B57E-6EA5-4E21-BB3A-373AAF961B50}.Ad-Hoc|iPhoneSimulator.Build.0 = Release|x86
		{2B17B57E-6EA5-4E21-BB3A-373AAF961B50}.Ad-Hoc|iPhoneSimulator.Deploy.0 = Release|x86
		{2B17B57E-6EA5-4E21-BB3A-373AAF961B50}.Ad-Hoc|x64.ActiveCfg = Release|x64
		{2B17B57E-6EA5-4E21-BB3A-373AAF961B50}.Ad-Hoc|x64.Build.0 = Release|x64
		{2B17B57E-6EA5-4E21-BB3A-373AAF961B50}.Ad-Hoc|x64.Deploy.0 = Release|x64
		{2B17B57E-6EA5-4E21-BB3A-373AAF961B50}.Ad-Hoc|x86.ActiveCfg = Release|x86
		{2B17B57E-6EA5-4E21-BB3A-373AAF961B50}.Ad-Hoc|x86.Build.0 = Release|x86
		{2B17B57E-6EA5-4E21-BB3A-373AAF961B50}.Ad-Hoc|x86.Deploy.0 = Release|x86
		{2B17B57E-6EA5-4E21-BB3A-373AAF961B50}.AppStore|Any CPU.ActiveCfg = Release|x86
		{2B17B57E-6EA5-4E21-BB3A-373AAF961B50}.AppStore|Any CPU.Build.0 = Release|x86
		{2B17B57E-6EA5-4E21-BB3A-373AAF961B50}.AppStore|Any CPU.Deploy.0 = Release|x86
		{2B17B57E-6EA5-4E21-BB3A-373AAF961B50}.AppStore|ARM.ActiveCfg = Release|ARM
		{2B17B57E-6EA5-4E21-BB3A-373AAF961B50}.AppStore|ARM.Build.0 = Release|ARM
		{2B17B57E-6EA5-4E21-BB3A-373AAF961B50}.AppStore|ARM.Deploy.0 = Release|ARM
		{2B17B57E-6EA5-4E21-BB3A-373AAF961B50}.AppStore|iPhone.ActiveCfg = Release|x86
		{2B17B57E-6EA5-4E21-BB3A-373AAF961B50}.AppStore|iPhone.Build.0 = Release|x86
		{2B17B57E-6EA5-4E21-BB3A-373AAF961B50}.AppStore|iPhone.Deploy.0 = Release|x86
		{2B17B57E-6EA5-4E21-BB3A-373AAF961B50}.AppStore|iPhoneSimulator.ActiveCfg = Release|x86
		{2B17B57E-6EA5-4E21-BB3A-373AAF961B50}.AppStore|iPhoneSimulator.Build.0 = Release|x86
		{2B17B57E-6EA5-4E21-BB3A-373AAF961B50}.AppStore|iPhoneSimulator.Deploy.0 = Release|x86
		{2B17B57E-6EA5-4E21-BB3A-373AAF961B50}.AppStore|x64.ActiveCfg = Release|x64
		{2B17B57E-6EA5-4E21-BB3A-373AAF961B50}.AppStore|x64.Build.0 = Release|x64
		{2B17B57E-6EA5-4E21-BB3A-373AAF961B50}.AppStore|x64.Deploy.0 = Release|x64
		{2B17B57E-6EA5-4E21-BB3A-373AAF961B50}.AppStore|x86.ActiveCfg = Release|x86
		{2B17B57E-6EA5-4E21-BB3A-373AAF961B50}.AppStore|x86.Build.0 = Release|x86
		{2B17B57E-6EA5-4E21-BB3A-373AAF961B50}.AppStore|x86.Deploy.0 = Release|x86
		{2B17B57E-6EA5-4E21-BB3A-373AAF961B50}.Debug|Any CPU.ActiveCfg = Debug|x86
		{2B17B57E-6EA5-4E21-BB3A-373AAF961B50}.Debug|ARM.ActiveCfg = Debug|ARM
		{2B17B57E-6EA5-4E21-BB3A-373AAF961B50}.Debug|ARM.Build.0 = Debug|ARM
		{2B17B57E-6EA5-4E21-BB3A-373AAF961B50}.Debug|ARM.Deploy.0 = Debug|ARM
		{2B17B57E-6EA5-4E21-BB3A-373AAF961B50}.Debug|iPhone.ActiveCfg = Debug|x86
		{2B17B57E-6EA5-4E21-BB3A-373AAF961B50}.Debug|iPhoneSimulator.ActiveCfg = Debug|x86
		{2B17B57E-6EA5-4E21-BB3A-373AAF961B50}.Debug|x64.ActiveCfg = Debug|x64
		{2B17B57E-6EA5-4E21-BB3A-373AAF961B50}.Debug|x64.Build.0 = Debug|x64
		{2B17B57E-6EA5-4E21-BB3A-373AAF961B50}.Debug|x64.Deploy.0 = Debug|x64
		{2B17B57E-6EA5-4E21-BB3A-373AAF961B50}.Debug|x86.ActiveCfg = Debug|x86
		{2B17B57E-6EA5-4E21-BB3A-373AAF961B50}.Debug|x86.Build.0 = Debug|x86
		{2B17B57E-6EA5-4E21-BB3A-373AAF961B50}.Debug|x86.Deploy.0 = Debug|x86
		{2B17B57E-6EA5-4E21-BB3A-373AAF961B50}.Release|Any CPU.ActiveCfg = Release|x86
		{2B17B57E-6EA5-4E21-BB3A-373AAF961B50}.Release|ARM.ActiveCfg = Release|ARM
		{2B17B57E-6EA5-4E21-BB3A-373AAF961B50}.Release|ARM.Build.0 = Release|ARM
		{2B17B57E-6EA5-4E21-BB3A-373AAF961B50}.Release|ARM.Deploy.0 = Release|ARM
		{2B17B57E-6EA5-4E21-BB3A-373AAF961B50}.Release|iPhone.ActiveCfg = Release|x86
		{2B17B57E-6EA5-4E21-BB3A-373AAF961B50}.Release|iPhoneSimulator.ActiveCfg = Release|x86
		{2B17B57E-6EA5-4E21-BB3A-373AAF961B50}.Release|x64.ActiveCfg = Release|x64
		{2B17B57E-6EA5-4E21-BB3A-373AAF961B50}.Release|x64.Build.0 = Release|x64
		{2B17B57E-6EA5-4E21-BB3A-373AAF961B50}.Release|x64.Deploy.0 = Release|x64
		{2B17B57E-6EA5-4E21-BB3A-373AAF961B50}.Release|x86.ActiveCfg = Release|x86
		{2B17B57E-6EA5-4E21-BB3A-373AAF961B50}.Release|x86.Build.0 = Release|x86
		{2B17B57E-6EA5-4E21-BB3A-373AAF961B50}.Release|x86.Deploy.0 = Release|x86
		{C41D4858-6D26-49BB-90BC-085A672C5D7C}.Ad-Hoc|Any CPU.ActiveCfg = Ad-Hoc|iPhone
		{C41D4858-6D26-49BB-90BC-085A672C5D7C}.Ad-Hoc|ARM.ActiveCfg = Ad-Hoc|iPhone
		{C41D4858-6D26-49BB-90BC-085A672C5D7C}.Ad-Hoc|iPhone.ActiveCfg = Ad-Hoc|iPhone
		{C41D4858-6D26-49BB-90BC-085A672C5D7C}.Ad-Hoc|iPhone.Build.0 = Ad-Hoc|iPhone
		{C41D4858-6D26-49BB-90BC-085A672C5D7C}.Ad-Hoc|iPhoneSimulator.ActiveCfg = Ad-Hoc|iPhoneSimulator
		{C41D4858-6D26-49BB-90BC-085A672C5D7C}.Ad-Hoc|iPhoneSimulator.Build.0 = Ad-Hoc|iPhoneSimulator
		{C41D4858-6D26-49BB-90BC-085A672C5D7C}.Ad-Hoc|x64.ActiveCfg = Ad-Hoc|iPhone
		{C41D4858-6D26-49BB-90BC-085A672C5D7C}.Ad-Hoc|x86.ActiveCfg = Ad-Hoc|iPhone
		{C41D4858-6D26-49BB-90BC-085A672C5D7C}.AppStore|Any CPU.ActiveCfg = AppStore|iPhone
		{C41D4858-6D26-49BB-90BC-085A672C5D7C}.AppStore|ARM.ActiveCfg = AppStore|iPhone
		{C41D4858-6D26-49BB-90BC-085A672C5D7C}.AppStore|iPhone.ActiveCfg = AppStore|iPhone
		{C41D4858-6D26-49BB-90BC-085A672C5D7C}.AppStore|iPhone.Build.0 = AppStore|iPhone
		{C41D4858-6D26-49BB-90BC-085A672C5D7C}.AppStore|iPhoneSimulator.ActiveCfg = AppStore|iPhoneSimulator
		{C41D4858-6D26-49BB-90BC-085A672C5D7C}.AppStore|iPhoneSimulator.Build.0 = AppStore|iPhoneSimulator
		{C41D4858-6D26-49BB-90BC-085A672C5D7C}.AppStore|x64.ActiveCfg = AppStore|iPhone
		{C41D4858-6D26-49BB-90BC-085A672C5D7C}.AppStore|x86.ActiveCfg = AppStore|iPhone
		{C41D4858-6D26-49BB-90BC-085A672C5D7C}.Debug|Any CPU.ActiveCfg = Debug|iPhone
		{C41D4858-6D26-49BB-90BC-085A672C5D7C}.Debug|ARM.ActiveCfg = Debug|iPhone
		{C41D4858-6D26-49BB-90BC-085A672C5D7C}.Debug|iPhone.ActiveCfg = Debug|iPhone
		{C41D4858-6D26-49BB-90BC-085A672C5D7C}.Debug|iPhone.Build.0 = Debug|iPhone
		{C41D4858-6D26-49BB-90BC-085A672C5D7C}.Debug|iPhoneSimulator.ActiveCfg = Debug|iPhoneSimulator
		{C41D4858-6D26-49BB-90BC-085A672C5D7C}.Debug|iPhoneSimulator.Build.0 = Debug|iPhoneSimulator
		{C41D4858-6D26-49BB-90BC-085A672C5D7C}.Debug|x64.ActiveCfg = Debug|iPhone
		{C41D4858-6D26-49BB-90BC-085A672C5D7C}.Debug|x86.ActiveCfg = Debug|iPhone
		{C41D4858-6D26-49BB-90BC-085A672C5D7C}.Release|Any CPU.ActiveCfg = Release|iPhone
		{C41D4858-6D26-49BB-90BC-085A672C5D7C}.Release|ARM.ActiveCfg = Release|iPhone
		{C41D4858-6D26-49BB-90BC-085A672C5D7C}.Release|iPhone.ActiveCfg = Release|iPhone
		{C41D4858-6D26-49BB-90BC-085A672C5D7C}.Release|iPhone.Build.0 = Release|iPhone
		{C41D4858-6D26-49BB-90BC-085A672C5D7C}.Release|iPhoneSimulator.ActiveCfg = Release|iPhoneSimulator
		{C41D4858-6D26-49BB-90BC-085A672C5D7C}.Release|iPhoneSimulator.Build.0 = Release|iPhoneSimulator
		{C41D4858-6D26-49BB-90BC-085A672C5D7C}.Release|x64.ActiveCfg = Release|iPhone
		{C41D4858-6D26-49BB-90BC-085A672C5D7C}.Release|x86.ActiveCfg = Release|iPhone
	EndGlobalSection
	GlobalSection(SolutionProperties) = preSolution
		HideSolutionNode = FALSE
	EndGlobalSection
EndGlobal
